
Microsoft Visual Studio Solution File, Format Version 12.00
# Visual Studio Version 16
VisualStudioVersion = 16.0.31019.35
MinimumVisualStudioVersion = 10.0.40219.1
Project("{9A19103F-16F7-4668-BE54-9A1E7A4F7556}") = "FizzbuzzWeb", "FizzbuzzWeb.csproj", "{AD18B15C-E37C-4203-B28F-848D2C95D7E7}"
EndProject
Global
	GlobalSection(SolutionConfigurationPlatforms) = preSolution
		Debug|Any CPU = Debug|Any CPU
		Release|Any CPU = Release|Any CPU
	EndGlobalSection
	GlobalSection(ProjectConfigurationPlatforms) = postSolution
		{AD18B15C-E37C-4203-B28F-848D2C95D7E7}.Debug|Any CPU.ActiveCfg = Debug|Any CPU
		{AD18B15C-E37C-4203-B28F-848D2C95D7E7}.Debug|Any CPU.Build.0 = Debug|Any CPU
		{AD18B15C-E37C-4203-B28F-848D2C95D7E7}.Release|Any CPU.ActiveCfg = Release|Any CPU
		{AD18B15C-E37C-4203-B28F-848D2C95D7E7}.Release|Any CPU.Build.0 = Release|Any CPU
	EndGlobalSection
	GlobalSection(SolutionProperties) = preSolution
		HideSolutionNode = FALSE
	EndGlobalSection
	GlobalSection(ExtensibilityGlobals) = postSolution
		SolutionGuid = {D0BEF68E-3703-419F-A8FB-1D4F838B8905}
	EndGlobalSection
EndGlobal
